// !$*UTF8*$!
{
	archiveVersion = 1;
	classes = {
	};
	objectVersion = 50;
	objects = {

/* Begin PBXBuildFile section */
		3AB0091025A6063100B57FF3 /* AppDelegate.swift in Sources */ = {isa = PBXBuildFile; fileRef = 3AB0090F25A6063100B57FF3 /* AppDelegate.swift */; };
		3AB0091225A6063100B57FF3 /* ViewController.swift in Sources */ = {isa = PBXBuildFile; fileRef = 3AB0091125A6063100B57FF3 /* ViewController.swift */; };
		3AB0091525A6063100B57FF3 /* Main.storyboard in Resources */ = {isa = PBXBuildFile; fileRef = 3AB0091325A6063100B57FF3 /* Main.storyboard */; };
		3AB0091725A6063300B57FF3 /* Assets.xcassets in Resources */ = {isa = PBXBuildFile; fileRef = 3AB0091625A6063300B57FF3 /* Assets.xcassets */; };
		3AB0091A25A6063300B57FF3 /* LaunchScreen.storyboard in Resources */ = {isa = PBXBuildFile; fileRef = 3AB0091825A6063300B57FF3 /* LaunchScreen.storyboard */; };
		3AB0092525A6063300B57FF3 /* Alura_ingressosTests.swift in Sources */ = {isa = PBXBuildFile; fileRef = 3AB0092425A6063300B57FF3 /* Alura_ingressosTests.swift */; };
		3AB0093025A6063300B57FF3 /* Alura_ingressosUITests.swift in Sources */ = {isa = PBXBuildFile; fileRef = 3AB0092F25A6063300B57FF3 /* Alura_ingressosUITests.swift */; };
		3AB0094125A6313200B57FF3 /* banner.png in Resources */ = {isa = PBXBuildFile; fileRef = 3AB0093E25A6313200B57FF3 /* banner.png */; };
		3AB0094225A6313200B57FF3 /* bandeiras_cartoes.png in Resources */ = {isa = PBXBuildFile; fileRef = 3AB0093F25A6313200B57FF3 /* bandeiras_cartoes.png */; };
		3AB0094325A6313200B57FF3 /* logo_alura.png in Resources */ = {isa = PBXBuildFile; fileRef = 3AB0094025A6313200B57FF3 /* logo_alura.png */; };
		3AB0094725A6625D00B57FF3 /* ValidaFormulario.swift in Sources */ = {isa = PBXBuildFile; fileRef = 3AB0094625A6625D00B57FF3 /* ValidaFormulario.swift */; };
/* End PBXBuildFile section */

/* Begin PBXContainerItemProxy section */
		3AB0092125A6063300B57FF3 /* PBXContainerItemProxy */ = {
			isa = PBXContainerItemProxy;
			containerPortal = 3AB0090425A6063100B57FF3 /* Project object */;
			proxyType = 1;
			remoteGlobalIDString = 3AB0090B25A6063100B57FF3;
			remoteInfo = "Alura ingressos";
		};
		3AB0092C25A6063300B57FF3 /* PBXContainerItemProxy */ = {
			isa = PBXContainerItemProxy;
			containerPortal = 3AB0090425A6063100B57FF3 /* Project object */;
			proxyType = 1;
			remoteGlobalIDString = 3AB0090B25A6063100B57FF3;
			remoteInfo = "Alura ingressos";
		};
/* End PBXContainerItemProxy section */

/* Begin PBXFileReference section */
		3AB0090C25A6063100B57FF3 /* Alura ingressos.app */ = {isa = PBXFileReference; explicitFileType = wrapper.application; includeInIndex = 0; path = "Alura ingressos.app"; sourceTree = BUILT_PRODUCTS_DIR; };
		3AB0090F25A6063100B57FF3 /* AppDelegate.swift */ = {isa = PBXFileReference; lastKnownFileType = sourcecode.swift; path = AppDelegate.swift; sourceTree = "<group>"; };
		3AB0091125A6063100B57FF3 /* ViewController.swift */ = {isa = PBXFileReference; lastKnownFileType = sourcecode.swift; path = ViewController.swift; sourceTree = "<group>"; };
		3AB0091425A6063100B57FF3 /* Base */ = {isa = PBXFileReference; lastKnownFileType = file.storyboard; name = Base; path = Base.lproj/Main.storyboard; sourceTree = "<group>"; };
		3AB0091625A6063300B57FF3 /* Assets.xcassets */ = {isa = PBXFileReference; lastKnownFileType = folder.assetcatalog; path = Assets.xcassets; sourceTree = "<group>"; };
		3AB0091925A6063300B57FF3 /* Base */ = {isa = PBXFileReference; lastKnownFileType = file.storyboard; name = Base; path = Base.lproj/LaunchScreen.storyboard; sourceTree = "<group>"; };
		3AB0091B25A6063300B57FF3 /* Info.plist */ = {isa = PBXFileReference; lastKnownFileType = text.plist.xml; path = Info.plist; sourceTree = "<group>"; };
		3AB0092025A6063300B57FF3 /* Alura ingressosTests.xctest */ = {isa = PBXFileReference; explicitFileType = wrapper.cfbundle; includeInIndex = 0; path = "Alura ingressosTests.xctest"; sourceTree = BUILT_PRODUCTS_DIR; };
		3AB0092425A6063300B57FF3 /* Alura_ingressosTests.swift */ = {isa = PBXFileReference; lastKnownFileType = sourcecode.swift; path = Alura_ingressosTests.swift; sourceTree = "<group>"; };
		3AB0092625A6063300B57FF3 /* Info.plist */ = {isa = PBXFileReference; lastKnownFileType = text.plist.xml; path = Info.plist; sourceTree = "<group>"; };
		3AB0092B25A6063300B57FF3 /* Alura ingressosUITests.xctest */ = {isa = PBXFileReference; explicitFileType = wrapper.cfbundle; includeInIndex = 0; path = "Alura ingressosUITests.xctest"; sourceTree = BUILT_PRODUCTS_DIR; };
		3AB0092F25A6063300B57FF3 /* Alura_ingressosUITests.swift */ = {isa = PBXFileReference; lastKnownFileType = sourcecode.swift; path = Alura_ingressosUITests.swift; sourceTree = "<group>"; };
		3AB0093125A6063300B57FF3 /* Info.plist */ = {isa = PBXFileReference; lastKnownFileType = text.plist.xml; path = Info.plist; sourceTree = "<group>"; };
		3AB0093E25A6313200B57FF3 /* banner.png */ = {isa = PBXFileReference; lastKnownFileType = image.png; path = banner.png; sourceTree = "<group>"; };
		3AB0093F25A6313200B57FF3 /* bandeiras_cartoes.png */ = {isa = PBXFileReference; lastKnownFileType = image.png; path = bandeiras_cartoes.png; sourceTree = "<group>"; };
		3AB0094025A6313200B57FF3 /* logo_alura.png */ = {isa = PBXFileReference; lastKnownFileType = image.png; path = logo_alura.png; sourceTree = "<group>"; };
		3AB0094625A6625D00B57FF3 /* ValidaFormulario.swift */ = {isa = PBXFileReference; lastKnownFileType = sourcecode.swift; path = ValidaFormulario.swift; sourceTree = "<group>"; };
/* End PBXFileReference section */

/* Begin PBXFrameworksBuildPhase section */
		3AB0090925A6063100B57FF3 /* Frameworks */ = {
			isa = PBXFrameworksBuildPhase;
			buildActionMask = 2147483647;
			files = (
			);
			runOnlyForDeploymentPostprocessing = 0;
		};
		3AB0091D25A6063300B57FF3 /* Frameworks */ = {
			isa = PBXFrameworksBuildPhase;
			buildActionMask = 2147483647;
			files = (
			);
			runOnlyForDeploymentPostprocessing = 0;
		};
		3AB0092825A6063300B57FF3 /* Frameworks */ = {
			isa = PBXFrameworksBuildPhase;
			buildActionMask = 2147483647;
			files = (
			);
			runOnlyForDeploymentPostprocessing = 0;
		};
/* End PBXFrameworksBuildPhase section */

/* Begin PBXGroup section */
		3AB0090325A6063100B57FF3 = {
			isa = PBXGroup;
			children = (
				3AB0090E25A6063100B57FF3 /* Alura ingressos */,
				3AB0092325A6063300B57FF3 /* Alura ingressosTests */,
				3AB0092E25A6063300B57FF3 /* Alura ingressosUITests */,
				3AB0090D25A6063100B57FF3 /* Products */,
			);
			sourceTree = "<group>";
		};
		3AB0090D25A6063100B57FF3 /* Products */ = {
			isa = PBXGroup;
			children = (
				3AB0090C25A6063100B57FF3 /* Alura ingressos.app */,
				3AB0092025A6063300B57FF3 /* Alura ingressosTests.xctest */,
				3AB0092B25A6063300B57FF3 /* Alura ingressosUITests.xctest */,
			);
			name = Products;
			sourceTree = "<group>";
		};
		3AB0090E25A6063100B57FF3 /* Alura ingressos */ = {
			isa = PBXGroup;
			children = (
				3AB0090F25A6063100B57FF3 /* AppDelegate.swift */,
				3AB0094425A6622100B57FF3 /* Model */,
				3AB0094525A6623C00B57FF3 /* Controller */,
				3AB0091125A6063100B57FF3 /* ViewController.swift */,
				3AB0091325A6063100B57FF3 /* Main.storyboard */,
				3AB0091625A6063300B57FF3 /* Assets.xcassets */,
				3AB0091825A6063300B57FF3 /* LaunchScreen.storyboard */,
				3AB0093D25A6313200B57FF3 /* Assets */,
				3AB0091B25A6063300B57FF3 /* Info.plist */,
			);
			path = "Alura ingressos";
			sourceTree = "<group>";
		};
		3AB0092325A6063300B57FF3 /* Alura ingressosTests */ = {
			isa = PBXGroup;
			children = (
				3AB0092425A6063300B57FF3 /* Alura_ingressosTests.swift */,
				3AB0092625A6063300B57FF3 /* Info.plist */,
			);
			path = "Alura ingressosTests";
			sourceTree = "<group>";
		};
		3AB0092E25A6063300B57FF3 /* Alura ingressosUITests */ = {
			isa = PBXGroup;
			children = (
				3AB0092F25A6063300B57FF3 /* Alura_ingressosUITests.swift */,
				3AB0093125A6063300B57FF3 /* Info.plist */,
			);
			path = "Alura ingressosUITests";
			sourceTree = "<group>";
		};
		3AB0093D25A6313200B57FF3 /* Assets */ = {
			isa = PBXGroup;
			children = (
				3AB0093E25A6313200B57FF3 /* banner.png */,
				3AB0093F25A6313200B57FF3 /* bandeiras_cartoes.png */,
				3AB0094025A6313200B57FF3 /* logo_alura.png */,
			);
			path = Assets;
			sourceTree = "<group>";
		};
		3AB0094425A6622100B57FF3 /* Model */ = {
			isa = PBXGroup;
			children = (
				3AB0094625A6625D00B57FF3 /* ValidaFormulario.swift */,
			);
			path = Model;
			sourceTree = "<group>";
		};
		3AB0094525A6623C00B57FF3 /* Controller */ = {
			isa = PBXGroup;
			children = (
			);
			path = Controller;
			sourceTree = "<group>";
		};
/* End PBXGroup section */

/* Begin PBXNativeTarget section */
		3AB0090B25A6063100B57FF3 /* Alura ingressos */ = {
			isa = PBXNativeTarget;
			buildConfigurationList = 3AB0093425A6063300B57FF3 /* Build configuration list for PBXNativeTarget "Alura ingressos" */;
			buildPhases = (
				3AB0090825A6063100B57FF3 /* Sources */,
				3AB0090925A6063100B57FF3 /* Frameworks */,
				3AB0090A25A6063100B57FF3 /* Resources */,
			);
			buildRules = (
			);
			dependencies = (
			);
			name = "Alura ingressos";
			productName = "Alura ingressos";
			productReference = 3AB0090C25A6063100B57FF3 /* Alura ingressos.app */;
			productType = "com.apple.product-type.application";
		};
		3AB0091F25A6063300B57FF3 /* Alura ingressosTests */ = {
			isa = PBXNativeTarget;
			buildConfigurationList = 3AB0093725A6063300B57FF3 /* Build configuration list for PBXNativeTarget "Alura ingressosTests" */;
			buildPhases = (
				3AB0091C25A6063300B57FF3 /* Sources */,
				3AB0091D25A6063300B57FF3 /* Frameworks */,
				3AB0091E25A6063300B57FF3 /* Resources */,
			);
			buildRules = (
			);
			dependencies = (
				3AB0092225A6063300B57FF3 /* PBXTargetDependency */,
			);
			name = "Alura ingressosTests";
			productName = "Alura ingressosTests";
			productReference = 3AB0092025A6063300B57FF3 /* Alura ingressosTests.xctest */;
			productType = "com.apple.product-type.bundle.unit-test";
		};
		3AB0092A25A6063300B57FF3 /* Alura ingressosUITests */ = {
			isa = PBXNativeTarget;
			buildConfigurationList = 3AB0093A25A6063300B57FF3 /* Build configuration list for PBXNativeTarget "Alura ingressosUITests" */;
			buildPhases = (
				3AB0092725A6063300B57FF3 /* Sources */,
				3AB0092825A6063300B57FF3 /* Frameworks */,
				3AB0092925A6063300B57FF3 /* Resources */,
			);
			buildRules = (
			);
			dependencies = (
				3AB0092D25A6063300B57FF3 /* PBXTargetDependency */,
			);
			name = "Alura ingressosUITests";
			productName = "Alura ingressosUITests";
			productReference = 3AB0092B25A6063300B57FF3 /* Alura ingressosUITests.xctest */;
			productType = "com.apple.product-type.bundle.ui-testing";
		};
/* End PBXNativeTarget section */

/* Begin PBXProject section */
		3AB0090425A6063100B57FF3 /* Project object */ = {
			isa = PBXProject;
			attributes = {
				LastSwiftUpdateCheck = 1010;
				LastUpgradeCheck = 1010;
				ORGANIZATIONNAME = "Lucas Abdel Leitao";
				TargetAttributes = {
					3AB0090B25A6063100B57FF3 = {
						CreatedOnToolsVersion = 10.1;
					};
					3AB0091F25A6063300B57FF3 = {
						CreatedOnToolsVersion = 10.1;
						TestTargetID = 3AB0090B25A6063100B57FF3;
					};
					3AB0092A25A6063300B57FF3 = {
						CreatedOnToolsVersion = 10.1;
						TestTargetID = 3AB0090B25A6063100B57FF3;
					};
				};
			};
			buildConfigurationList = 3AB0090725A6063100B57FF3 /* Build configuration list for PBXProject "Alura ingressos" */;
			compatibilityVersion = "Xcode 9.3";
			developmentRegion = en;
			hasScannedForEncodings = 0;
			knownRegions = (
				en,
				Base,
			);
			mainGroup = 3AB0090325A6063100B57FF3;
			productRefGroup = 3AB0090D25A6063100B57FF3 /* Products */;
			projectDirPath = "";
			projectRoot = "";
			targets = (
				3AB0090B25A6063100B57FF3 /* Alura ingressos */,
				3AB0091F25A6063300B57FF3 /* Alura ingressosTests */,
				3AB0092A25A6063300B57FF3 /* Alura ingressosUITests */,
			);
		};
/* End PBXProject section */

/* Begin PBXResourcesBuildPhase section */
		3AB0090A25A6063100B57FF3 /* Resources */ = {
			isa = PBXResourcesBuildPhase;
			buildActionMask = 2147483647;
			files = (
				3AB0094325A6313200B57FF3 /* logo_alura.png in Resources */,
				3AB0091A25A6063300B57FF3 /* LaunchScreen.storyboard in Resources */,
				3AB0091725A6063300B57FF3 /* Assets.xcassets in Resources */,
				3AB0091525A6063100B57FF3 /* Main.storyboard in Resources */,
				3AB0094125A6313200B57FF3 /* banner.png in Resources */,
				3AB0094225A6313200B57FF3 /* bandeiras_cartoes.png in Resources */,
			);
			runOnlyForDeploymentPostprocessing = 0;
		};
		3AB0091E25A6063300B57FF3 /* Resources */ = {
			isa = PBXResourcesBuildPhase;
			buildActionMask = 2147483647;
			files = (
			);
			runOnlyForDeploymentPostprocessing = 0;
		};
		3AB0092925A6063300B57FF3 /* Resources */ = {
			isa = PBXResourcesBuildPhase;
			buildActionMask = 2147483647;
			files = (
			);
			runOnlyForDeploymentPostprocessing = 0;
		};
/* End PBXResourcesBuildPhase section */

/* Begin PBXSourcesBuildPhase section */
		3AB0090825A6063100B57FF3 /* Sources */ = {
			isa = PBXSourcesBuildPhase;
			buildActionMask = 2147483647;
			files = (
				3AB0091225A6063100B57FF3 /* ViewController.swift in Sources */,
				3AB0094725A6625D00B57FF3 /* ValidaFormulario.swift in Sources */,
				3AB0091025A6063100B57FF3 /* AppDelegate.swift in Sources */,
			);
			runOnlyForDeploymentPostprocessing = 0;
		};
		3AB0091C25A6063300B57FF3 /* Sources */ = {
			isa = PBXSourcesBuildPhase;
			buildActionMask = 2147483647;
			files = (
				3AB0092525A6063300B57FF3 /* Alura_ingressosTests.swift in Sources */,
			);
			runOnlyForDeploymentPostprocessing = 0;
		};
		3AB0092725A6063300B57FF3 /* Sources */ = {
			isa = PBXSourcesBuildPhase;
			buildActionMask = 2147483647;
			files = (
				3AB0093025A6063300B57FF3 /* Alura_ingressosUITests.swift in Sources */,
			);
			runOnlyForDeploymentPostprocessing = 0;
		};
/* End PBXSourcesBuildPhase section */

/* Begin PBXTargetDependency section */
		3AB0092225A6063300B57FF3 /* PBXTargetDependency */ = {
			isa = PBXTargetDependency;
			target = 3AB0090B25A6063100B57FF3 /* Alura ingressos */;
			targetProxy = 3AB0092125A6063300B57FF3 /* PBXContainerItemProxy */;
		};
		3AB0092D25A6063300B57FF3 /* PBXTargetDependency */ = {
			isa = PBXTargetDependency;
			target = 3AB0090B25A6063100B57FF3 /* Alura ingressos */;
			targetProxy = 3AB0092C25A6063300B57FF3 /* PBXContainerItemProxy */;
		};
/* End PBXTargetDependency section */

/* Begin PBXVariantGroup section */
		3AB0091325A6063100B57FF3 /* Main.storyboard */ = {
			isa = PBXVariantGroup;
			children = (
				3AB0091425A6063100B57FF3 /* Base */,
			);
			name = Main.storyboard;
			sourceTree = "<group>";
		};
		3AB0091825A6063300B57FF3 /* LaunchScreen.storyboard */ = {
			isa = PBXVariantGroup;
			children = (
				3AB0091925A6063300B57FF3 /* Base */,
			);
			name = LaunchScreen.storyboard;
			sourceTree = "<group>";
		};
/* End PBXVariantGroup section */

/* Begin XCBuildConfiguration section */
		3AB0093225A6063300B57FF3 /* Debug */ = {
			isa = XCBuildConfiguration;
			buildSettings = {
				ALWAYS_SEARCH_USER_PATHS = NO;
				CLANG_ANALYZER_NONNULL = YES;
				CLANG_ANALYZER_NUMBER_OBJECT_CONVERSION = YES_AGGRESSIVE;
				CLANG_CXX_LANGUAGE_STANDARD = "gnu++14";
				CLANG_CXX_LIBRARY = "libc++";
				CLANG_ENABLE_MODULES = YES;
				CLANG_ENABLE_OBJC_ARC = YES;
				CLANG_ENABLE_OBJC_WEAK = YES;
				CLANG_WARN_BLOCK_CAPTURE_AUTORELEASING = YES;
				CLANG_WARN_BOOL_CONVERSION = YES;
				CLANG_WARN_COMMA = YES;
				CLANG_WARN_CONSTANT_CONVERSION = YES;
				CLANG_WARN_DEPRECATED_OBJC_IMPLEMENTATIONS = YES;
				CLANG_WARN_DIRECT_OBJC_ISA_USAGE = YES_ERROR;
				CLANG_WARN_DOCUMENTATION_COMMENTS = YES;
				CLANG_WARN_EMPTY_BODY = YES;
				CLANG_WARN_ENUM_CONVERSION = YES;
				CLANG_WARN_INFINITE_RECURSION = YES;
				CLANG_WARN_INT_CONVERSION = YES;
				CLANG_WARN_NON_LITERAL_NULL_CONVERSION = YES;
				CLANG_WARN_OBJC_IMPLICIT_RETAIN_SELF = YES;
				CLANG_WARN_OBJC_LITERAL_CONVERSION = YES;
				CLANG_WARN_OBJC_ROOT_CLASS = YES_ERROR;
				CLANG_WARN_RANGE_LOOP_ANALYSIS = YES;
				CLANG_WARN_STRICT_PROTOTYPES = YES;
				CLANG_WARN_SUSPICIOUS_MOVE = YES;
				CLANG_WARN_UNGUARDED_AVAILABILITY = YES_AGGRESSIVE;
				CLANG_WARN_UNREACHABLE_CODE = YES;
				CLANG_WARN__DUPLICATE_METHOD_MATCH = YES;
				CODE_SIGN_IDENTITY = "iPhone Developer";
				COPY_PHASE_STRIP = NO;
				DEBUG_INFORMATION_FORMAT = dwarf;
				ENABLE_STRICT_OBJC_MSGSEND = YES;
				ENABLE_TESTABILITY = YES;
				GCC_C_LANGUAGE_STANDARD = gnu11;
				GCC_DYNAMIC_NO_PIC = NO;
				GCC_NO_COMMON_BLOCKS = YES;
				GCC_OPTIMIZATION_LEVEL = 0;
				GCC_PREPROCESSOR_DEFINITIONS = (
					"DEBUG=1",
					"$(inherited)",
				);
				GCC_WARN_64_TO_32_BIT_CONVERSION = YES;
				GCC_WARN_ABOUT_RETURN_TYPE = YES_ERROR;
				GCC_WARN_UNDECLARED_SELECTOR = YES;
				GCC_WARN_UNINITIALIZED_AUTOS = YES_AGGRESSIVE;
				GCC_WARN_UNUSED_FUNCTION = YES;
				GCC_WARN_UNUSED_VARIABLE = YES;
				IPHONEOS_DEPLOYMENT_TARGET = 12.1;
				MTL_ENABLE_DEBUG_INFO = INCLUDE_SOURCE;
				MTL_FAST_MATH = YES;
				ONLY_ACTIVE_ARCH = YES;
				SDKROOT = iphoneos;
				SWIFT_ACTIVE_COMPILATION_CONDITIONS = DEBUG;
				SWIFT_OPTIMIZATION_LEVEL = "-Onone";
			};
			name = Debug;
		};
		3AB0093325A6063300B57FF3 /* Release */ = {
			isa = XCBuildConfiguration;
			buildSettings = {
				ALWAYS_SEARCH_USER_PATHS = NO;
				CLANG_ANALYZER_NONNULL = YES;
				CLANG_ANALYZER_NUMBER_OBJECT_CONVERSION = YES_AGGRESSIVE;
				CLANG_CXX_LANGUAGE_STANDARD = "gnu++14";
				CLANG_CXX_LIBRARY = "libc++";
				CLANG_ENABLE_MODULES = YES;
				CLANG_ENABLE_OBJC_ARC = YES;
				CLANG_ENABLE_OBJC_WEAK = YES;
				CLANG_WARN_BLOCK_CAPTURE_AUTORELEASING = YES;
				CLANG_WARN_BOOL_CONVERSION = YES;
				CLANG_WARN_COMMA = YES;
				CLANG_WARN_CONSTANT_CONVERSION = YES;
				CLANG_WARN_DEPRECATED_OBJC_IMPLEMENTATIONS = YES;
				CLANG_WARN_DIRECT_OBJC_ISA_USAGE = YES_ERROR;
				CLANG_WARN_DOCUMENTATION_COMMENTS = YES;
				CLANG_WARN_EMPTY_BODY = YES;
				CLANG_WARN_ENUM_CONVERSION = YES;
				CLANG_WARN_INFINITE_RECURSION = YES;
				CLANG_WARN_INT_CONVERSION = YES;
				CLANG_WARN_NON_LITERAL_NULL_CONVERSION = YES;
				CLANG_WARN_OBJC_IMPLICIT_RETAIN_SELF = YES;
				CLANG_WARN_OBJC_LITERAL_CONVERSION = YES;
				CLANG_WARN_OBJC_ROOT_CLASS = YES_ERROR;
				CLANG_WARN_RANGE_LOOP_ANALYSIS = YES;
				CLANG_WARN_STRICT_PROTOTYPES = YES;
				CLANG_WARN_SUSPICIOUS_MOVE = YES;
				CLANG_WARN_UNGUARDED_AVAILABILITY = YES_AGGRESSIVE;
				CLANG_WARN_UNREACHABLE_CODE = YES;
				CLANG_WARN__DUPLICATE_METHOD_MATCH = YES;
				CODE_SIGN_IDENTITY = "iPhone Developer";
				COPY_PHASE_STRIP = NO;
				DEBUG_INFORMATION_FORMAT = "dwarf-with-dsym";
				ENABLE_NS_ASSERTIONS = NO;
				ENABLE_STRICT_OBJC_MSGSEND = YES;
				GCC_C_LANGUAGE_STANDARD = gnu11;
				GCC_NO_COMMON_BLOCKS = YES;
				GCC_WARN_64_TO_32_BIT_CONVERSION = YES;
				GCC_WARN_ABOUT_RETURN_TYPE = YES_ERROR;
				GCC_WARN_UNDECLARED_SELECTOR = YES;
				GCC_WARN_UNINITIALIZED_AUTOS = YES_AGGRESSIVE;
				GCC_WARN_UNUSED_FUNCTION = YES;
				GCC_WARN_UNUSED_VARIABLE = YES;
				IPHONEOS_DEPLOYMENT_TARGET = 12.1;
				MTL_ENABLE_DEBUG_INFO = NO;
				MTL_FAST_MATH = YES;
				SDKROOT = iphoneos;
				SWIFT_COMPILATION_MODE = wholemodule;
				SWIFT_OPTIMIZATION_LEVEL = "-O";
				VALIDATE_PRODUCT = YES;
			};
			name = Release;
		};
		3AB0093525A6063300B57FF3 /* Debug */ = {
			isa = XCBuildConfiguration;
			buildSettings = {
				ASSETCATALOG_COMPILER_APPICON_NAME = AppIcon;
				CODE_SIGN_STYLE = Automatic;
				INFOPLIST_FILE = "Alura ingressos/Info.plist";
				LD_RUNPATH_SEARCH_PATHS = (
					"$(inherited)",
					"@executable_path/Frameworks",
				);
				PRODUCT_BUNDLE_IDENTIFIER = "teste.Alura-ingressos";
				PRODUCT_NAME = "$(TARGET_NAME)";
				SWIFT_VERSION = 4.2;
				TARGETED_DEVICE_FAMILY = "1,2";
			};
			name = Debug;
		};
		3AB0093625A6063300B57FF3 /* Release */ = {
			isa = XCBuildConfiguration;
			buildSettings = {
				ASSETCATALOG_COMPILER_APPICON_NAME = AppIcon;
				CODE_SIGN_STYLE = Automatic;
				INFOPLIST_FILE = "Alura ingressos/Info.plist";
				LD_RUNPATH_SEARCH_PATHS = (
					"$(inherited)",
					"@executable_path/Frameworks",
				);
				PRODUCT_BUNDLE_IDENTIFIER = "teste.Alura-ingressos";
				PRODUCT_NAME = "$(TARGET_NAME)";
				SWIFT_VERSION = 4.2;
				TARGETED_DEVICE_FAMILY = "1,2";
			};
			name = Release;
		};
		3AB0093825A6063300B57FF3 /* Debug */ = {
			isa = XCBuildConfiguration;
			buildSettings = {
				ALWAYS_EMBED_SWIFT_STANDARD_LIBRARIES = YES;
				BUNDLE_LOADER = "$(TEST_HOST)";
				CODE_SIGN_STYLE = Automatic;
				INFOPLIST_FILE = "Alura ingressosTests/Info.plist";
				LD_RUNPATH_SEARCH_PATHS = (
					"$(inherited)",
					"@executable_path/Frameworks",
					"@loader_path/Frameworks",
				);
				PRODUCT_BUNDLE_IDENTIFIER = "teste.Alura-ingressosTests";
				PRODUCT_NAME = "$(TARGET_NAME)";
				SWIFT_VERSION = 4.2;
				TARGETED_DEVICE_FAMILY = "1,2";
				TEST_HOST = "$(BUILT_PRODUCTS_DIR)/Alura ingressos.app/Alura ingressos";
			};
			name = Debug;
		};
		3AB0093925A6063300B57FF3 /* Release */ = {
			isa = XCBuildConfiguration;
			buildSettings = {
				ALWAYS_EMBED_SWIFT_STANDARD_LIBRARIES = YES;
				BUNDLE_LOADER = "$(TEST_HOST)";
				CODE_SIGN_STYLE = Automatic;
				INFOPLIST_FILE = "Alura ingressosTests/Info.plist";
				LD_RUNPATH_SEARCH_PATHS = (
					"$(inherited)",
					"@executable_path/Frameworks",
					"@loader_path/Frameworks",
				);
				PRODUCT_BUNDLE_IDENTIFIER = "teste.Alura-ingressosTests";
				PRODUCT_NAME = "$(TARGET_NAME)";
				SWIFT_VERSION = 4.2;
				TARGETED_DEVICE_FAMILY = "1,2";
				TEST_HOST = "$(BUILT_PRODUCTS_DIR)/Alura ingressos.app/Alura ingressos";
			};
			name = Release;
		};
		3AB0093B25A6063300B57FF3 /* Debug */ = {
			isa = XCBuildConfiguration;
			buildSettings = {
				ALWAYS_EMBED_SWIFT_STANDARD_LIBRARIES = YES;
				CODE_SIGN_STYLE = Automatic;
				INFOPLIST_FILE = "Alura ingressosUITests/Info.plist";
				LD_RUNPATH_SEARCH_PATHS = (
					"$(inherited)",
					"@executable_path/Frameworks",
					"@loader_path/Frameworks",
				);
				PRODUCT_BUNDLE_IDENTIFIER = "teste.Alura-ingressosUITests";
				PRODUCT_NAME = "$(TARGET_NAME)";
				SWIFT_VERSION = 4.2;
				TARGETED_DEVICE_FAMILY = "1,2";
				TEST_TARGET_NAME = "Alura ingressos";
			};
			name = Debug;
		};
		3AB0093C25A6063300B57FF3 /* Release */ = {
			isa = XCBuildConfiguration;
			buildSettings = {
				ALWAYS_EMBED_SWIFT_STANDARD_LIBRARIES = YES;
				CODE_SIGN_STYLE = Automatic;
				INFOPLIST_FILE = "Alura ingressosUITests/Info.plist";
				LD_RUNPATH_SEARCH_PATHS = (
					"$(inherited)",
					"@executable_path/Frameworks",
					"@loader_path/Frameworks",
				);
				PRODUCT_BUNDLE_IDENTIFIER = "teste.Alura-ingressosUITests";
				PRODUCT_NAME = "$(TARGET_NAME)";
				SWIFT_VERSION = 4.2;
				TARGETED_DEVICE_FAMILY = "1,2";
				TEST_TARGET_NAME = "Alura ingressos";
			};
			name = Release;
		};
/* End XCBuildConfiguration section */

/* Begin XCConfigurationList section */
		3AB0090725A6063100B57FF3 /* Build configuration list for PBXProject "Alura ingressos" */ = {
			isa = XCConfigurationList;
			buildConfigurations = (
				3AB0093225A6063300B57FF3 /* Debug */,
				3AB0093325A6063300B57FF3 /* Release */,
			);
			defaultConfigurationIsVisible = 0;
			defaultConfigurationName = Release;
		};
		3AB0093425A6063300B57FF3 /* Build configuration list for PBXNativeTarget "Alura ingressos" */ = {
			isa = XCConfigurationList;
			buildConfigurations = (
				3AB0093525A6063300B57FF3 /* Debug */,
				3AB0093625A6063300B57FF3 /* Release */,
			);
			defaultConfigurationIsVisible = 0;
			defaultConfigurationName = Release;
		};
		3AB0093725A6063300B57FF3 /* Build configuration list for PBXNativeTarget "Alura ingressosTests" */ = {
			isa = XCConfigurationList;
			buildConfigurations = (
				3AB0093825A6063300B57FF3 /* Debug */,
				3AB0093925A6063300B57FF3 /* Release */,
			);
			defaultConfigurationIsVisible = 0;
			defaultConfigurationName = Release;
		};
		3AB0093A25A6063300B57FF3 /* Build configuration list for PBXNativeTarget "Alura ingressosUITests" */ = {
			isa = XCConfigurationList;
			buildConfigurations = (
				3AB0093B25A6063300B57FF3 /* Debug */,
				3AB0093C25A6063300B57FF3 /* Release */,
			);
			defaultConfigurationIsVisible = 0;
			defaultConfigurationName = Release;
		};
/* End XCConfigurationList section */
	};
	rootObject = 3AB0090425A6063100B57FF3 /* Project object */;
}
